
Microsoft Visual Studio Solution File, Format Version 12.00
# Visual Studio Version 17
VisualStudioVersion = 17.6.33829.357
MinimumVisualStudioVersion = 10.0.40219.1
Project("{FAE04EC0-301F-11D3-BF4B-00C04F79EFBC}") = "StudyGroupFeature", "StudyGroupTesting\StudyGroupFeature.csproj", "{CA901F74-F0E0-4619-BD52-DC8DD1000504}"
EndProject
Project("{FAE04EC0-301F-11D3-BF4B-00C04F79EFBC}") = "StudentsApp.Tests", "StudyGroupTests\StudentsApp.Tests.csproj", "{8D031DA9-8913-4CB7-81F7-1AC049E6C17D}"
EndProject
Global
	GlobalSection(SolutionConfigurationPlatforms) = preSolution
		Debug|Any CPU = Debug|Any CPU
		Release|Any CPU = Release|Any CPU
	EndGlobalSection
	GlobalSection(ProjectConfigurationPlatforms) = postSolution
		{CA901F74-F0E0-4619-BD52-DC8DD1000504}.Debug|Any CPU.ActiveCfg = Debug|Any CPU
		{CA901F74-F0E0-4619-BD52-DC8DD1000504}.Debug|Any CPU.Build.0 = Debug|Any CPU
		{CA901F74-F0E0-4619-BD52-DC8DD1000504}.Release|Any CPU.ActiveCfg = Release|Any CPU
		{CA901F74-F0E0-4619-BD52-DC8DD1000504}.Release|Any CPU.Build.0 = Release|Any CPU
		{8D031DA9-8913-4CB7-81F7-1AC049E6C17D}.Debug|Any CPU.ActiveCfg = Debug|Any CPU
		{8D031DA9-8913-4CB7-81F7-1AC049E6C17D}.Debug|Any CPU.Build.0 = Debug|Any CPU
		{8D031DA9-8913-4CB7-81F7-1AC049E6C17D}.Release|Any CPU.ActiveCfg = Release|Any CPU
		{8D031DA9-8913-4CB7-81F7-1AC049E6C17D}.Release|Any CPU.Build.0 = Release|Any CPU
	EndGlobalSection
	GlobalSection(SolutionProperties) = preSolution
		HideSolutionNode = FALSE
	EndGlobalSection
	GlobalSection(ExtensibilityGlobals) = postSolution
		SolutionGuid = {168EFBCA-29F7-423E-8290-532EEDF9DA25}
	EndGlobalSection
EndGlobal
